
Microsoft Visual Studio Solution File, Format Version 12.00
# Visual Studio Version 16
VisualStudioVersion = 16.0.31410.357
MinimumVisualStudioVersion = 10.0.40219.1
Project("{8BC9CEB8-8B4A-11D0-8D11-00A0C91BC942}") = "TrafficFlash", "TrafficFlash\TrafficFlash.vcxproj", "{529BD23F-D6A4-4F8A-8F2C-F7B23B7E80FE}"
EndProject
Global
	GlobalSection(SolutionConfigurationPlatforms) = preSolution
		Debug|x64 = Debug|x64
		Debug|x86 = Debug|x86
		Release|x64 = Release|x64
		Release|x86 = Release|x86
	EndGlobalSection
	GlobalSection(ProjectConfigurationPlatforms) = postSolution
		{529BD23F-D6A4-4F8A-8F2C-F7B23B7E80FE}.Debug|x64.ActiveCfg = Debug|x64
		{529BD23F-D6A4-4F8A-8F2C-F7B23B7E80FE}.Debug|x64.Build.0 = Debug|x64
		{529BD23F-D6A4-4F8A-8F2C-F7B23B7E80FE}.Debug|x86.ActiveCfg = Debug|Win32
		{529BD23F-D6A4-4F8A-8F2C-F7B23B7E80FE}.Debug|x86.Build.0 = Debug|Win32
		{529BD23F-D6A4-4F8A-8F2C-F7B23B7E80FE}.Release|x64.ActiveCfg = Release|x64
		{529BD23F-D6A4-4F8A-8F2C-F7B23B7E80FE}.Release|x64.Build.0 = Release|x64
		{529BD23F-D6A4-4F8A-8F2C-F7B23B7E80FE}.Release|x86.ActiveCfg = Release|Win32
		{529BD23F-D6A4-4F8A-8F2C-F7B23B7E80FE}.Release|x86.Build.0 = Release|Win32
	EndGlobalSection
	GlobalSection(SolutionProperties) = preSolution
		HideSolutionNode = FALSE
	EndGlobalSection
	GlobalSection(ExtensibilityGlobals) = postSolution
		SolutionGuid = {D38A4135-4BE3-438D-A84E-3C09283B4A3B}
	EndGlobalSection
EndGlobal
